// !$*UTF8*$!
{
	archiveVersion = 1;
	classes = {
	};
	objectVersion = 55;
	objects = {

/* Begin PBXBuildFile section */
		CE24FC6D27CD5E77004DE22B /* ExtensionsImageView.swift in Sources */ = {isa = PBXBuildFile; fileRef = CE24FC6C27CD5E77004DE22B /* ExtensionsImageView.swift */; };
		CE24FC6F27CD75A7004DE22B /* ExtensionsVC.swift in Sources */ = {isa = PBXBuildFile; fileRef = CE24FC6E27CD75A7004DE22B /* ExtensionsVC.swift */; };
		CE24FC7427CDD6D2004DE22B /* ExtensionsCollectionVC.swift in Sources */ = {isa = PBXBuildFile; fileRef = CE24FC7327CDD6D1004DE22B /* ExtensionsCollectionVC.swift */; };
		CE49542927CADFBA002884C8 /* LaunchScreenVC.swift in Sources */ = {isa = PBXBuildFile; fileRef = CE49542827CADFBA002884C8 /* LaunchScreenVC.swift */; };
		CE49542B27CAE24E002884C8 /* Launch.storyboard in Resources */ = {isa = PBXBuildFile; fileRef = CE49542A27CAE24E002884C8 /* Launch.storyboard */; };
		CE49542E27CAE5D6002884C8 /* NVActivityIndicatorView in Frameworks */ = {isa = PBXBuildFile; productRef = CE49542D27CAE5D6002884C8 /* NVActivityIndicatorView */; };
		CE49543027CAE5D6002884C8 /* NVActivityIndicatorViewExtended in Frameworks */ = {isa = PBXBuildFile; productRef = CE49542F27CAE5D6002884C8 /* NVActivityIndicatorViewExtended */; };
		CE49543727CBF143002884C8 /* GaleryCollectionViewController.swift in Sources */ = {isa = PBXBuildFile; fileRef = CE49543627CBF143002884C8 /* GaleryCollectionViewController.swift */; };
		CE49543B27CC026B002884C8 /* ImageViewCell.swift in Sources */ = {isa = PBXBuildFile; fileRef = CE49543A27CC026B002884C8 /* ImageViewCell.swift */; };
		CEF9B21627CA782900CC1271 /* AppDelegate.swift in Sources */ = {isa = PBXBuildFile; fileRef = CEF9B21527CA782900CC1271 /* AppDelegate.swift */; };
		CEF9B21827CA782900CC1271 /* SceneDelegate.swift in Sources */ = {isa = PBXBuildFile; fileRef = CEF9B21727CA782900CC1271 /* SceneDelegate.swift */; };
		CEF9B21A27CA782900CC1271 /* ViewController.swift in Sources */ = {isa = PBXBuildFile; fileRef = CEF9B21927CA782900CC1271 /* ViewController.swift */; };
		CEF9B21D27CA782900CC1271 /* Main.storyboard in Resources */ = {isa = PBXBuildFile; fileRef = CEF9B21B27CA782900CC1271 /* Main.storyboard */; };
		CEF9B21F27CA783200CC1271 /* Assets.xcassets in Resources */ = {isa = PBXBuildFile; fileRef = CEF9B21E27CA783200CC1271 /* Assets.xcassets */; };
		CEF9B22F27CA8F2F00CC1271 /* Constants.swift in Sources */ = {isa = PBXBuildFile; fileRef = CEF9B22E27CA8F2F00CC1271 /* Constants.swift */; };
/* End PBXBuildFile section */

/* Begin PBXFileReference section */
		CE24FC6C27CD5E77004DE22B /* ExtensionsImageView.swift */ = {isa = PBXFileReference; lastKnownFileType = sourcecode.swift; path = ExtensionsImageView.swift; sourceTree = "<group>"; };
		CE24FC6E27CD75A7004DE22B /* ExtensionsVC.swift */ = {isa = PBXFileReference; lastKnownFileType = sourcecode.swift; path = ExtensionsVC.swift; sourceTree = "<group>"; };
		CE24FC7327CDD6D1004DE22B /* ExtensionsCollectionVC.swift */ = {isa = PBXFileReference; lastKnownFileType = sourcecode.swift; path = ExtensionsCollectionVC.swift; sourceTree = "<group>"; };
		CE49542827CADFBA002884C8 /* LaunchScreenVC.swift */ = {isa = PBXFileReference; lastKnownFileType = sourcecode.swift; path = LaunchScreenVC.swift; sourceTree = "<group>"; };
		CE49542A27CAE24E002884C8 /* Launch.storyboard */ = {isa = PBXFileReference; lastKnownFileType = file.storyboard; path = Launch.storyboard; sourceTree = "<group>"; };
		CE49543627CBF143002884C8 /* GaleryCollectionViewController.swift */ = {isa = PBXFileReference; lastKnownFileType = sourcecode.swift; path = GaleryCollectionViewController.swift; sourceTree = "<group>"; };
		CE49543A27CC026B002884C8 /* ImageViewCell.swift */ = {isa = PBXFileReference; lastKnownFileType = sourcecode.swift; path = ImageViewCell.swift; sourceTree = "<group>"; };
		CEF9B21227CA782900CC1271 /* PhotoDownloader.app */ = {isa = PBXFileReference; explicitFileType = wrapper.application; includeInIndex = 0; path = PhotoDownloader.app; sourceTree = BUILT_PRODUCTS_DIR; };
		CEF9B21527CA782900CC1271 /* AppDelegate.swift */ = {isa = PBXFileReference; lastKnownFileType = sourcecode.swift; path = AppDelegate.swift; sourceTree = "<group>"; };
		CEF9B21727CA782900CC1271 /* SceneDelegate.swift */ = {isa = PBXFileReference; lastKnownFileType = sourcecode.swift; path = SceneDelegate.swift; sourceTree = "<group>"; };
		CEF9B21927CA782900CC1271 /* ViewController.swift */ = {isa = PBXFileReference; lastKnownFileType = sourcecode.swift; path = ViewController.swift; sourceTree = "<group>"; };
		CEF9B21C27CA782900CC1271 /* Base */ = {isa = PBXFileReference; lastKnownFileType = file.storyboard; name = Base; path = Base.lproj/Main.storyboard; sourceTree = "<group>"; };
		CEF9B21E27CA783200CC1271 /* Assets.xcassets */ = {isa = PBXFileReference; lastKnownFileType = folder.assetcatalog; path = Assets.xcassets; sourceTree = "<group>"; };
		CEF9B22327CA783200CC1271 /* Info.plist */ = {isa = PBXFileReference; lastKnownFileType = text.plist.xml; path = Info.plist; sourceTree = "<group>"; };
		CEF9B22E27CA8F2F00CC1271 /* Constants.swift */ = {isa = PBXFileReference; lastKnownFileType = sourcecode.swift; path = Constants.swift; sourceTree = "<group>"; };
/* End PBXFileReference section */

/* Begin PBXFrameworksBuildPhase section */
		CEF9B20F27CA782900CC1271 /* Frameworks */ = {
			isa = PBXFrameworksBuildPhase;
			buildActionMask = 2147483647;
			files = (
				CE49542E27CAE5D6002884C8 /* NVActivityIndicatorView in Frameworks */,
				CE49543027CAE5D6002884C8 /* NVActivityIndicatorViewExtended in Frameworks */,
			);
			runOnlyForDeploymentPostprocessing = 0;
		};
/* End PBXFrameworksBuildPhase section */

/* Begin PBXGroup section */
		CE24FC6B27CD5E1F004DE22B /* Extensions */ = {
			isa = PBXGroup;
			children = (
				CE24FC6C27CD5E77004DE22B /* ExtensionsImageView.swift */,
				CE24FC6E27CD75A7004DE22B /* ExtensionsVC.swift */,
				CE24FC7327CDD6D1004DE22B /* ExtensionsCollectionVC.swift */,
			);
			name = Extensions;
			sourceTree = "<group>";
		};
		CE49543827CC00A5002884C8 /* CollectionViewController */ = {
			isa = PBXGroup;
			children = (
				CE49543627CBF143002884C8 /* GaleryCollectionViewController.swift */,
			);
			path = CollectionViewController;
			sourceTree = "<group>";
		};
		CE49543927CC00C1002884C8 /* CollectionViewCell */ = {
			isa = PBXGroup;
			children = (
				CE49543A27CC026B002884C8 /* ImageViewCell.swift */,
			);
			path = CollectionViewCell;
			sourceTree = "<group>";
		};
		CEF9B20927CA782900CC1271 = {
			isa = PBXGroup;
			children = (
				CEF9B21427CA782900CC1271 /* PhotoDownloader */,
				CEF9B21327CA782900CC1271 /* Products */,
			);
			sourceTree = "<group>";
		};
		CEF9B21327CA782900CC1271 /* Products */ = {
			isa = PBXGroup;
			children = (
				CEF9B21227CA782900CC1271 /* PhotoDownloader.app */,
			);
			name = Products;
			sourceTree = "<group>";
		};
		CEF9B21427CA782900CC1271 /* PhotoDownloader */ = {
			isa = PBXGroup;
			children = (
				CE24FC6B27CD5E1F004DE22B /* Extensions */,
				CEF9B22927CA789C00CC1271 /* App */,
				CEF9B22A27CA78A700CC1271 /* Controllers */,
				CEF9B22B27CA78BB00CC1271 /* Views */,
				CEF9B22D27CA8F0C00CC1271 /* Constants */,
				CEF9B22327CA783200CC1271 /* Info.plist */,
				CEF9B21E27CA783200CC1271 /* Assets.xcassets */,
			);
			path = PhotoDownloader;
			sourceTree = "<group>";
		};
		CEF9B22927CA789C00CC1271 /* App */ = {
			isa = PBXGroup;
			children = (
				CEF9B21527CA782900CC1271 /* AppDelegate.swift */,
				CEF9B21727CA782900CC1271 /* SceneDelegate.swift */,
			);
			path = App;
			sourceTree = "<group>";
		};
		CEF9B22A27CA78A700CC1271 /* Controllers */ = {
			isa = PBXGroup;
			children = (
				CE49543927CC00C1002884C8 /* CollectionViewCell */,
				CE49543827CC00A5002884C8 /* CollectionViewController */,
				CEF9B21927CA782900CC1271 /* ViewController.swift */,
				CE49542827CADFBA002884C8 /* LaunchScreenVC.swift */,
			);
			path = Controllers;
			sourceTree = "<group>";
		};
		CEF9B22B27CA78BB00CC1271 /* Views */ = {
			isa = PBXGroup;
			children = (
				CEF9B21B27CA782900CC1271 /* Main.storyboard */,
				CE49542A27CAE24E002884C8 /* Launch.storyboard */,
			);
			path = Views;
			sourceTree = "<group>";
		};
		CEF9B22D27CA8F0C00CC1271 /* Constants */ = {
			isa = PBXGroup;
			children = (
				CEF9B22E27CA8F2F00CC1271 /* Constants.swift */,
			);
			path = Constants;
			sourceTree = "<group>";
		};
/* End PBXGroup section */

/* Begin PBXNativeTarget section */
		CEF9B21127CA782900CC1271 /* PhotoDownloader */ = {
			isa = PBXNativeTarget;
			buildConfigurationList = CEF9B22627CA783200CC1271 /* Build configuration list for PBXNativeTarget "PhotoDownloader" */;
			buildPhases = (
				CEF9B20E27CA782900CC1271 /* Sources */,
				CEF9B20F27CA782900CC1271 /* Frameworks */,
				CEF9B21027CA782900CC1271 /* Resources */,
			);
			buildRules = (
			);
			dependencies = (
			);
			name = PhotoDownloader;
			packageProductDependencies = (
				CE49542D27CAE5D6002884C8 /* NVActivityIndicatorView */,
				CE49542F27CAE5D6002884C8 /* NVActivityIndicatorViewExtended */,
			);
			productName = PhotoDownloader;
			productReference = CEF9B21227CA782900CC1271 /* PhotoDownloader.app */;
			productType = "com.apple.product-type.application";
		};
/* End PBXNativeTarget section */

/* Begin PBXProject section */
		CEF9B20A27CA782900CC1271 /* Project object */ = {
			isa = PBXProject;
			attributes = {
				BuildIndependentTargetsInParallel = 1;
				LastSwiftUpdateCheck = 1320;
				LastUpgradeCheck = 1320;
				TargetAttributes = {
					CEF9B21127CA782900CC1271 = {
						CreatedOnToolsVersion = 13.2.1;
					};
				};
			};
			buildConfigurationList = CEF9B20D27CA782900CC1271 /* Build configuration list for PBXProject "PhotoDownloader" */;
			compatibilityVersion = "Xcode 13.0";
			developmentRegion = en;
			hasScannedForEncodings = 0;
			knownRegions = (
				en,
				Base,
			);
			mainGroup = CEF9B20927CA782900CC1271;
			packageReferences = (
				CE49542C27CAE5D6002884C8 /* XCRemoteSwiftPackageReference "NVActivityIndicatorView" */,
			);
			productRefGroup = CEF9B21327CA782900CC1271 /* Products */;
			projectDirPath = "";
			projectRoot = "";
			targets = (
				CEF9B21127CA782900CC1271 /* PhotoDownloader */,
			);
		};
/* End PBXProject section */

/* Begin PBXResourcesBuildPhase section */
		CEF9B21027CA782900CC1271 /* Resources */ = {
			isa = PBXResourcesBuildPhase;
			buildActionMask = 2147483647;
			files = (
				CEF9B21F27CA783200CC1271 /* Assets.xcassets in Resources */,
				CEF9B21D27CA782900CC1271 /* Main.storyboard in Resources */,
				CE49542B27CAE24E002884C8 /* Launch.storyboard in Resources */,
			);
			runOnlyForDeploymentPostprocessing = 0;
		};
/* End PBXResourcesBuildPhase section */

/* Begin PBXSourcesBuildPhase section */
		CEF9B20E27CA782900CC1271 /* Sources */ = {
			isa = PBXSourcesBuildPhase;
			buildActionMask = 2147483647;
			files = (
				CE24FC6F27CD75A7004DE22B /* ExtensionsVC.swift in Sources */,
				CE24FC6D27CD5E77004DE22B /* ExtensionsImageView.swift in Sources */,
				CEF9B21A27CA782900CC1271 /* ViewController.swift in Sources */,
				CEF9B21627CA782900CC1271 /* AppDelegate.swift in Sources */,
				CE24FC7427CDD6D2004DE22B /* ExtensionsCollectionVC.swift in Sources */,
				CEF9B21827CA782900CC1271 /* SceneDelegate.swift in Sources */,
				CE49542927CADFBA002884C8 /* LaunchScreenVC.swift in Sources */,
				CE49543B27CC026B002884C8 /* ImageViewCell.swift in Sources */,
				CE49543727CBF143002884C8 /* GaleryCollectionViewController.swift in Sources */,
				CEF9B22F27CA8F2F00CC1271 /* Constants.swift in Sources */,
			);
			runOnlyForDeploymentPostprocessing = 0;
		};
/* End PBXSourcesBuildPhase section */

/* Begin PBXVariantGroup section */
		CEF9B21B27CA782900CC1271 /* Main.storyboard */ = {
			isa = PBXVariantGroup;
			children = (
				CEF9B21C27CA782900CC1271 /* Base */,
			);
			name = Main.storyboard;
			sourceTree = "<group>";
		};
/* End PBXVariantGroup section */

/* Begin XCBuildConfiguration section */
		CEF9B22427CA783200CC1271 /* Debug */ = {
			isa = XCBuildConfiguration;
			buildSettings = {
				ALWAYS_SEARCH_USER_PATHS = NO;
				CLANG_ANALYZER_NONNULL = YES;
				CLANG_ANALYZER_NUMBER_OBJECT_CONVERSION = YES_AGGRESSIVE;
				CLANG_CXX_LANGUAGE_STANDARD = "gnu++17";
				CLANG_CXX_LIBRARY = "libc++";
				CLANG_ENABLE_MODULES = YES;
				CLANG_ENABLE_OBJC_ARC = YES;
				CLANG_ENABLE_OBJC_WEAK = YES;
				CLANG_WARN_BLOCK_CAPTURE_AUTORELEASING = YES;
				CLANG_WARN_BOOL_CONVERSION = YES;
				CLANG_WARN_COMMA = YES;
				CLANG_WARN_CONSTANT_CONVERSION = YES;
				CLANG_WARN_DEPRECATED_OBJC_IMPLEMENTATIONS = YES;
				CLANG_WARN_DIRECT_OBJC_ISA_USAGE = YES_ERROR;
				CLANG_WARN_DOCUMENTATION_COMMENTS = YES;
				CLANG_WARN_EMPTY_BODY = YES;
				CLANG_WARN_ENUM_CONVERSION = YES;
				CLANG_WARN_INFINITE_RECURSION = YES;
				CLANG_WARN_INT_CONVERSION = YES;
				CLANG_WARN_NON_LITERAL_NULL_CONVERSION = YES;
				CLANG_WARN_OBJC_IMPLICIT_RETAIN_SELF = YES;
				CLANG_WARN_OBJC_LITERAL_CONVERSION = YES;
				CLANG_WARN_OBJC_ROOT_CLASS = YES_ERROR;
				CLANG_WARN_QUOTED_INCLUDE_IN_FRAMEWORK_HEADER = YES;
				CLANG_WARN_RANGE_LOOP_ANALYSIS = YES;
				CLANG_WARN_STRICT_PROTOTYPES = YES;
				CLANG_WARN_SUSPICIOUS_MOVE = YES;
				CLANG_WARN_UNGUARDED_AVAILABILITY = YES_AGGRESSIVE;
				CLANG_WARN_UNREACHABLE_CODE = YES;
				CLANG_WARN__DUPLICATE_METHOD_MATCH = YES;
				COPY_PHASE_STRIP = NO;
				DEBUG_INFORMATION_FORMAT = dwarf;
				ENABLE_STRICT_OBJC_MSGSEND = YES;
				ENABLE_TESTABILITY = YES;
				GCC_C_LANGUAGE_STANDARD = gnu11;
				GCC_DYNAMIC_NO_PIC = NO;
				GCC_NO_COMMON_BLOCKS = YES;
				GCC_OPTIMIZATION_LEVEL = 0;
				GCC_PREPROCESSOR_DEFINITIONS = (
					"DEBUG=1",
					"$(inherited)",
				);
				GCC_WARN_64_TO_32_BIT_CONVERSION = YES;
				GCC_WARN_ABOUT_RETURN_TYPE = YES_ERROR;
				GCC_WARN_UNDECLARED_SELECTOR = YES;
				GCC_WARN_UNINITIALIZED_AUTOS = YES_AGGRESSIVE;
				GCC_WARN_UNUSED_FUNCTION = YES;
				GCC_WARN_UNUSED_VARIABLE = YES;
				IPHONEOS_DEPLOYMENT_TARGET = 15.2;
				MTL_ENABLE_DEBUG_INFO = INCLUDE_SOURCE;
				MTL_FAST_MATH = YES;
				ONLY_ACTIVE_ARCH = YES;
				SDKROOT = iphoneos;
				SWIFT_ACTIVE_COMPILATION_CONDITIONS = DEBUG;
				SWIFT_OPTIMIZATION_LEVEL = "-Onone";
			};
			name = Debug;
		};
		CEF9B22527CA783200CC1271 /* Release */ = {
			isa = XCBuildConfiguration;
			buildSettings = {
				ALWAYS_SEARCH_USER_PATHS = NO;
				CLANG_ANALYZER_NONNULL = YES;
				CLANG_ANALYZER_NUMBER_OBJECT_CONVERSION = YES_AGGRESSIVE;
				CLANG_CXX_LANGUAGE_STANDARD = "gnu++17";
				CLANG_CXX_LIBRARY = "libc++";
				CLANG_ENABLE_MODULES = YES;
				CLANG_ENABLE_OBJC_ARC = YES;
				CLANG_ENABLE_OBJC_WEAK = YES;
				CLANG_WARN_BLOCK_CAPTURE_AUTORELEASING = YES;
				CLANG_WARN_BOOL_CONVERSION = YES;
				CLANG_WARN_COMMA = YES;
				CLANG_WARN_CONSTANT_CONVERSION = YES;
				CLANG_WARN_DEPRECATED_OBJC_IMPLEMENTATIONS = YES;
				CLANG_WARN_DIRECT_OBJC_ISA_USAGE = YES_ERROR;
				CLANG_WARN_DOCUMENTATION_COMMENTS = YES;
				CLANG_WARN_EMPTY_BODY = YES;
				CLANG_WARN_ENUM_CONVERSION = YES;
				CLANG_WARN_INFINITE_RECURSION = YES;
				CLANG_WARN_INT_CONVERSION = YES;
				CLANG_WARN_NON_LITERAL_NULL_CONVERSION = YES;
				CLANG_WARN_OBJC_IMPLICIT_RETAIN_SELF = YES;
				CLANG_WARN_OBJC_LITERAL_CONVERSION = YES;
				CLANG_WARN_OBJC_ROOT_CLASS = YES_ERROR;
				CLANG_WARN_QUOTED_INCLUDE_IN_FRAMEWORK_HEADER = YES;
				CLANG_WARN_RANGE_LOOP_ANALYSIS = YES;
				CLANG_WARN_STRICT_PROTOTYPES = YES;
				CLANG_WARN_SUSPICIOUS_MOVE = YES;
				CLANG_WARN_UNGUARDED_AVAILABILITY = YES_AGGRESSIVE;
				CLANG_WARN_UNREACHABLE_CODE = YES;
				CLANG_WARN__DUPLICATE_METHOD_MATCH = YES;
				COPY_PHASE_STRIP = NO;
				DEBUG_INFORMATION_FORMAT = "dwarf-with-dsym";
				ENABLE_NS_ASSERTIONS = NO;
				ENABLE_STRICT_OBJC_MSGSEND = YES;
				GCC_C_LANGUAGE_STANDARD = gnu11;
				GCC_NO_COMMON_BLOCKS = YES;
				GCC_WARN_64_TO_32_BIT_CONVERSION = YES;
				GCC_WARN_ABOUT_RETURN_TYPE = YES_ERROR;
				GCC_WARN_UNDECLARED_SELECTOR = YES;
				GCC_WARN_UNINITIALIZED_AUTOS = YES_AGGRESSIVE;
				GCC_WARN_UNUSED_FUNCTION = YES;
				GCC_WARN_UNUSED_VARIABLE = YES;
				IPHONEOS_DEPLOYMENT_TARGET = 15.2;
				MTL_ENABLE_DEBUG_INFO = NO;
				MTL_FAST_MATH = YES;
				SDKROOT = iphoneos;
				SWIFT_COMPILATION_MODE = wholemodule;
				SWIFT_OPTIMIZATION_LEVEL = "-O";
				VALIDATE_PRODUCT = YES;
			};
			name = Release;
		};
		CEF9B22727CA783200CC1271 /* Debug */ = {
			isa = XCBuildConfiguration;
			buildSettings = {
				ASSETCATALOG_COMPILER_APPICON_NAME = AppIcon;
				ASSETCATALOG_COMPILER_GLOBAL_ACCENT_COLOR_NAME = AccentColor;
				CODE_SIGN_STYLE = Automatic;
				CURRENT_PROJECT_VERSION = 1;
				DEVELOPMENT_TEAM = X56F5SD594;
				GENERATE_INFOPLIST_FILE = YES;
				INFOPLIST_FILE = PhotoDownloader/Info.plist;
				INFOPLIST_KEY_UIApplicationSupportsIndirectInputEvents = YES;
				INFOPLIST_KEY_UILaunchStoryboardName = Launch;
				INFOPLIST_KEY_UIMainStoryboardFile = Main;
				INFOPLIST_KEY_UISupportedInterfaceOrientations_iPad = "UIInterfaceOrientationPortrait UIInterfaceOrientationPortraitUpsideDown UIInterfaceOrientationLandscapeLeft UIInterfaceOrientationLandscapeRight";
				INFOPLIST_KEY_UISupportedInterfaceOrientations_iPhone = "UIInterfaceOrientationPortrait UIInterfaceOrientationLandscapeLeft UIInterfaceOrientationLandscapeRight";
				LD_RUNPATH_SEARCH_PATHS = (
					"$(inherited)",
					"@executable_path/Frameworks",
				);
				MARKETING_VERSION = 1.0;
				PRODUCT_BUNDLE_IDENTIFIER = by.tms.PhotoDownloader;
				PRODUCT_NAME = "$(TARGET_NAME)";
				SWIFT_EMIT_LOC_STRINGS = YES;
				SWIFT_VERSION = 5.0;
				TARGETED_DEVICE_FAMILY = "1,2";
			};
			name = Debug;
		};
		CEF9B22827CA783200CC1271 /* Release */ = {
			isa = XCBuildConfiguration;
			buildSettings = {
				ASSETCATALOG_COMPILER_APPICON_NAME = AppIcon;
				ASSETCATALOG_COMPILER_GLOBAL_ACCENT_COLOR_NAME = AccentColor;
				CODE_SIGN_STYLE = Automatic;
				CURRENT_PROJECT_VERSION = 1;
				DEVELOPMENT_TEAM = X56F5SD594;
				GENERATE_INFOPLIST_FILE = YES;
				INFOPLIST_FILE = PhotoDownloader/Info.plist;
				INFOPLIST_KEY_UIApplicationSupportsIndirectInputEvents = YES;
				INFOPLIST_KEY_UILaunchStoryboardName = Launch;
				INFOPLIST_KEY_UIMainStoryboardFile = Main;
				INFOPLIST_KEY_UISupportedInterfaceOrientations_iPad = "UIInterfaceOrientationPortrait UIInterfaceOrientationPortraitUpsideDown UIInterfaceOrientationLandscapeLeft UIInterfaceOrientationLandscapeRight";
				INFOPLIST_KEY_UISupportedInterfaceOrientations_iPhone = "UIInterfaceOrientationPortrait UIInterfaceOrientationLandscapeLeft UIInterfaceOrientationLandscapeRight";
				LD_RUNPATH_SEARCH_PATHS = (
					"$(inherited)",
					"@executable_path/Frameworks",
				);
				MARKETING_VERSION = 1.0;
				PRODUCT_BUNDLE_IDENTIFIER = by.tms.PhotoDownloader;
				PRODUCT_NAME = "$(TARGET_NAME)";
				SWIFT_EMIT_LOC_STRINGS = YES;
				SWIFT_VERSION = 5.0;
				TARGETED_DEVICE_FAMILY = "1,2";
			};
			name = Release;
		};
/* End XCBuildConfiguration section */

/* Begin XCConfigurationList section */
		CEF9B20D27CA782900CC1271 /* Build configuration list for PBXProject "PhotoDownloader" */ = {
			isa = XCConfigurationList;
			buildConfigurations = (
				CEF9B22427CA783200CC1271 /* Debug */,
				CEF9B22527CA783200CC1271 /* Release */,
			);
			defaultConfigurationIsVisible = 0;
			defaultConfigurationName = Release;
		};
		CEF9B22627CA783200CC1271 /* Build configuration list for PBXNativeTarget "PhotoDownloader" */ = {
			isa = XCConfigurationList;
			buildConfigurations = (
				CEF9B22727CA783200CC1271 /* Debug */,
				CEF9B22827CA783200CC1271 /* Release */,
			);
			defaultConfigurationIsVisible = 0;
			defaultConfigurationName = Release;
		};
/* End XCConfigurationList section */

/* Begin XCRemoteSwiftPackageReference section */
		CE49542C27CAE5D6002884C8 /* XCRemoteSwiftPackageReference "NVActivityIndicatorView" */ = {
			isa = XCRemoteSwiftPackageReference;
			repositoryURL = "https://github.com/ninjaprox/NVActivityIndicatorView.git";
			requirement = {
				branch = master;
				kind = branch;
			};
		};
/* End XCRemoteSwiftPackageReference section */

/* Begin XCSwiftPackageProductDependency section */
		CE49542D27CAE5D6002884C8 /* NVActivityIndicatorView */ = {
			isa = XCSwiftPackageProductDependency;
			package = CE49542C27CAE5D6002884C8 /* XCRemoteSwiftPackageReference "NVActivityIndicatorView" */;
			productName = NVActivityIndicatorView;
		};
		CE49542F27CAE5D6002884C8 /* NVActivityIndicatorViewExtended */ = {
			isa = XCSwiftPackageProductDependency;
			package = CE49542C27CAE5D6002884C8 /* XCRemoteSwiftPackageReference "NVActivityIndicatorView" */;
			productName = NVActivityIndicatorViewExtended;
		};
/* End XCSwiftPackageProductDependency section */
	};
	rootObject = CEF9B20A27CA782900CC1271 /* Project object */;
}
